
Microsoft Visual Studio Solution File, Format Version 12.00
# Visual Studio Version 17
VisualStudioVersion = 17.5.002.0
MinimumVisualStudioVersion = 10.0.40219.1
Project("{9A19103F-16F7-4668-BE54-9A1E7A4F7556}") = "cs-common", "cs-common.csproj", "{733BCB1B-760C-45A2-B3D2-F234156D8071}"
EndProject
Global
	GlobalSection(SolutionConfigurationPlatforms) = preSolution
		Debug|Any CPU = Debug|Any CPU
		Release|Any CPU = Release|Any CPU
	EndGlobalSection
	GlobalSection(ProjectConfigurationPlatforms) = postSolution
		{733BCB1B-760C-45A2-B3D2-F234156D8071}.Debug|Any CPU.ActiveCfg = Debug|Any CPU
		{733BCB1B-760C-45A2-B3D2-F234156D8071}.Debug|Any CPU.Build.0 = Debug|Any CPU
		{733BCB1B-760C-45A2-B3D2-F234156D8071}.Release|Any CPU.ActiveCfg = Release|Any CPU
		{733BCB1B-760C-45A2-B3D2-F234156D8071}.Release|Any CPU.Build.0 = Release|Any CPU
	EndGlobalSection
	GlobalSection(SolutionProperties) = preSolution
		HideSolutionNode = FALSE
	EndGlobalSection
	GlobalSection(ExtensibilityGlobals) = postSolution
		SolutionGuid = {57980C2E-AFF5-4EC6-A174-C0F875F6052D}
	EndGlobalSection
EndGlobal
